{
  "version": 4,
  "terraform_version": "1.7.1",
  "serial": 10,
  "lineage": "992fd09c-13f6-3e9e-1a8e-fd3a1b346c24",
  "outputs": {},
  "resources": [
    {
      "mode": "data",
      "type": "grafana_synthetic_monitoring_probes",
      "name": "main",
      "provider": "provider[\"registry.opentofu.org/grafana/grafana\"]",
      "instances": [
        {
          "schema_version": 0,
          "attributes": {
            "filter_deprecated": true,
            "id": "probes",
            "probes": {
              "Amsterdam": 17,
              "Atlanta": 3,
              "Bangalore": 2,
              "CapeTown": 8,
              "Dallas": 7,
              "Frankfurt": 14,
              "London": 1,
              "Mumbai": 15,
              "NewYork": 20,
              "Newark": 4,
              "NorthCalifornia": 13,
              "NorthVirginia": 11,
              "Ohio": 5,
              "Oregon": 16,
              "Paris": 19,
              "SanFrancisco": 21,
              "SaoPaulo": 10,
              "Seoul": 18,
              "Singapore": 9,
              "Sydney": 22,
              "Tokyo": 6,
              "Toronto": 12
            }
          },
          "sensitive_attributes": []
        }
      ]
    },
    {
      "mode": "managed",
      "type": "grafana_folder",
      "name": "rule_folder",
      "provider": "provider[\"registry.opentofu.org/grafana/grafana\"]",
      "instances": [
        {
          "schema_version": 0,
          "attributes": {
            "id": "0:ddswhgsh3nu9sa",
            "org_id": "0",
            "parent_folder_uid": "",
            "prevent_destroy_if_not_empty": false,
            "title": "revolut_alert_folder",
            "uid": "ddswhgsh3nu9sa",
            "url": "https://danielfitzgerald.grafana.net/dashboards/f/ddswhgsh3nu9sa/revolut-alert-folder"
          },
          "sensitive_attributes": [],
          "private": "bnVsbA=="
        }
      ]
    },
    {
      "mode": "managed",
      "type": "grafana_rule_group",
      "name": "high_cpu_service_a",
      "provider": "provider[\"registry.opentofu.org/grafana/grafana\"]",
      "instances": [
        {
          "schema_version": 0,
          "attributes": {
            "disable_provenance": false,
            "folder_uid": "ddswhgsh3nu9sa",
            "id": "1:ddswhgsh3nu9sa:revolut-group",
            "interval_seconds": 240,
            "name": "revolut-group",
            "org_id": "1",
            "rule": [
              {
                "annotations": {
                  "created_by": "terraform"
                },
                "condition": "A",
                "data": [
                  {
                    "datasource_uid": "grafanacloud-prom",
                    "model": "{\"expr\":\"avg(irate(node_cpu_seconds_total{mode=\\\"idle\\\", job=\\\"pi_node_exporter\\\", instance=\\\"newpi\\\"}[1m]) * 100)\",\"hide\":false,\"instant\":true,\"refId\":\"A\"}",
                    "query_type": "",
                    "ref_id": "A",
                    "relative_time_range": [
                      {
                        "from": 600,
                        "to": 0
                      }
                    ]
                  },
                  {
                    "datasource_uid": "__expr__",
                    "model": "{\"conditions\":[{\"evaluator\":{\"params\":[50],\"type\":\"gt\"},\"operator\":{\"type\":\"and\"},\"query\":{\"params\":[\"B\"]},\"reducer\":{\"params\":[],\"type\":\"last\"},\"type\":\"query\"}],\"datasource\":{\"type\":\"__expr__\",\"uid\":\"__expr__\"},\"expression\":\"A\",\"hide\":false,\"refId\":\"B\",\"type\":\"threshold\"}",
                    "query_type": "",
                    "ref_id": "B",
                    "relative_time_range": [
                      {
                        "from": 600,
                        "to": 0
                      }
                    ]
                  }
                ],
                "exec_err_state": "Alerting",
                "for": "2m0s",
                "is_paused": false,
                "labels": {
                  "severity": "critical",
                  "team": "service_a"
                },
                "name": "revolut-alert-high-cpu(95for2m)-service-a",
                "no_data_state": "NoData",
                "notification_settings": [],
                "uid": "fdswilbajcxkwc"
              }
            ]
          },
          "sensitive_attributes": [],
          "private": "bnVsbA==",
          "dependencies": [
            "grafana_folder.rule_folder"
          ]
        }
      ]
    },
    {
      "mode": "managed",
      "type": "grafana_synthetic_monitoring_check",
      "name": "http",
      "provider": "provider[\"registry.opentofu.org/grafana/grafana\"]",
      "instances": [
        {
          "schema_version": 0,
          "attributes": {
            "alert_sensitivity": "none",
            "basic_metrics_only": true,
            "enabled": true,
            "frequency": 60000,
            "id": "11944",
            "job": "HTTP Defaults",
            "labels": {
              "purpose": "test"
            },
            "probes": [
              3
            ],
            "settings": [
              {
                "dns": [],
                "grpc": [],
                "http": [
                  {
                    "basic_auth": [],
                    "bearer_token": "",
                    "body": "",
                    "cache_busting_query_param_name": "",
                    "fail_if_body_matches_regexp": [],
                    "fail_if_body_not_matches_regexp": [],
                    "fail_if_header_matches_regexp": [],
                    "fail_if_header_not_matches_regexp": [],
                    "fail_if_not_ssl": false,
                    "fail_if_ssl": false,
                    "headers": [],
                    "ip_version": "V4",
                    "method": "GET",
                    "no_follow_redirects": false,
                    "proxy_connect_headers": [],
                    "proxy_url": "",
                    "tls_config": [],
                    "valid_http_versions": [],
                    "valid_status_codes": []
                  }
                ],
                "multihttp": [],
                "ping": [],
                "scripted": [],
                "tcp": [],
                "traceroute": []
              }
            ],
            "target": "https://grafana.com",
            "tenant_id": 2169,
            "timeout": 3000
          },
          "sensitive_attributes": [],
          "private": "bnVsbA==",
          "dependencies": [
            "data.grafana_synthetic_monitoring_probes.main"
          ]
        }
      ]
    }
  ],
  "check_results": null
}
